
Microsoft Visual Studio Solution File, Format Version 12.00
Project("{FAE04EC0-301F-11D3-BF4B-00C04F79EFBC}") = "QuizApp", "QuizApp\QuizApp.csproj", "{1265FEED-C721-431A-82B5-FC2C8FA3C57F}"
EndProject
Global
	GlobalSection(SolutionConfigurationPlatforms) = preSolution
		Debug|Any CPU = Debug|Any CPU
		Release|Any CPU = Release|Any CPU
	EndGlobalSection
	GlobalSection(ProjectConfigurationPlatforms) = postSolution
		{1265FEED-C721-431A-82B5-FC2C8FA3C57F}.Debug|Any CPU.ActiveCfg = Debug|Any CPU
		{1265FEED-C721-431A-82B5-FC2C8FA3C57F}.Debug|Any CPU.Build.0 = Debug|Any CPU
		{1265FEED-C721-431A-82B5-FC2C8FA3C57F}.Release|Any CPU.ActiveCfg = Release|Any CPU
		{1265FEED-C721-431A-82B5-FC2C8FA3C57F}.Release|Any CPU.Build.0 = Release|Any CPU
	EndGlobalSection
EndGlobal
